
Microsoft Visual Studio Solution File, Format Version 12.00
# Visual Studio Version 16
VisualStudioVersion = 16.0.32802.440
MinimumVisualStudioVersion = 10.0.40219.1
Project("{FAE04EC0-301F-11D3-BF4B-00C04F79EFBC}") = "NumbersToWords", "NumbersToWords.csproj", "{1AA76618-E6A1-4CB9-913E-3E18E60460F7}"
EndProject
Global
	GlobalSection(SolutionConfigurationPlatforms) = preSolution
		Debug|Any CPU = Debug|Any CPU
		Release|Any CPU = Release|Any CPU
	EndGlobalSection
	GlobalSection(ProjectConfigurationPlatforms) = postSolution
		{1AA76618-E6A1-4CB9-913E-3E18E60460F7}.Debug|Any CPU.ActiveCfg = Debug|Any CPU
		{1AA76618-E6A1-4CB9-913E-3E18E60460F7}.Debug|Any CPU.Build.0 = Debug|Any CPU
		{1AA76618-E6A1-4CB9-913E-3E18E60460F7}.Release|Any CPU.ActiveCfg = Release|Any CPU
		{1AA76618-E6A1-4CB9-913E-3E18E60460F7}.Release|Any CPU.Build.0 = Release|Any CPU
	EndGlobalSection
	GlobalSection(SolutionProperties) = preSolution
		HideSolutionNode = FALSE
	EndGlobalSection
	GlobalSection(ExtensibilityGlobals) = postSolution
		SolutionGuid = {41D8A8F1-D1DF-42DA-849D-780A0596513D}
	EndGlobalSection
EndGlobal
